
Microsoft Visual Studio Solution File, Format Version 12.00
# Visual Studio Version 16
VisualStudioVersion = 16.0.31424.327
MinimumVisualStudioVersion = 10.0.40219.1
Project("{FAE04EC0-301F-11D3-BF4B-00C04F79EFBC}") = "MyMergeSort", "MyMergeSort\MyMergeSort.csproj", "{F9380E34-25E3-4C95-9524-651733D462FB}"
EndProject
Global
	GlobalSection(SolutionConfigurationPlatforms) = preSolution
		Debug|Any CPU = Debug|Any CPU
		Release|Any CPU = Release|Any CPU
	EndGlobalSection
	GlobalSection(ProjectConfigurationPlatforms) = postSolution
		{F9380E34-25E3-4C95-9524-651733D462FB}.Debug|Any CPU.ActiveCfg = Debug|Any CPU
		{F9380E34-25E3-4C95-9524-651733D462FB}.Debug|Any CPU.Build.0 = Debug|Any CPU
		{F9380E34-25E3-4C95-9524-651733D462FB}.Release|Any CPU.ActiveCfg = Release|Any CPU
		{F9380E34-25E3-4C95-9524-651733D462FB}.Release|Any CPU.Build.0 = Release|Any CPU
	EndGlobalSection
	GlobalSection(SolutionProperties) = preSolution
		HideSolutionNode = FALSE
	EndGlobalSection
	GlobalSection(ExtensibilityGlobals) = postSolution
		SolutionGuid = {A5F54C1F-C721-4CE1-B652-8804E4941C59}
	EndGlobalSection
EndGlobal
